Microsoft Visual Studio Solution File, Format Version 8.00
Project("{8BC9CEB8-8B4A-11D0-8D11-00A0C91BC942}") = "Renderer", "4DyuchiGX_Render.vcproj", "{4A2087EA-B9EF-4A19-8C41-146899F930FC}"
	ProjectSection(ProjectDependencies) = postProject
	EndProjectSection
EndProject
Global
	GlobalSection(SolutionConfiguration) = preSolution
		Debug = Debug
		Release = Release
	EndGlobalSection
	GlobalSection(ProjectConfiguration) = postSolution
		{4A2087EA-B9EF-4A19-8C41-146899F930FC}.Debug.ActiveCfg = Debug|Win32
		{4A2087EA-B9EF-4A19-8C41-146899F930FC}.Debug.Build.0 = Debug|Win32
		{4A2087EA-B9EF-4A19-8C41-146899F930FC}.Release.ActiveCfg = Release|Win32
		{4A2087EA-B9EF-4A19-8C41-146899F930FC}.Release.Build.0 = Release|Win32
	EndGlobalSection
	GlobalSection(ExtensibilityGlobals) = postSolution
	EndGlobalSection
	GlobalSection(ExtensibilityAddIns) = postSolution
	EndGlobalSection
EndGlobal
